{
  "name": "silken-net-contracts",
  "version": "1.0.0",
  "lockfileVersion": 3,
  "requires": true,
  "packages": {
    "": {
      "name": "silken-net-contracts",
      "version": "1.0.0",
      "license": "MIT",
      "dependencies": {
        "@openzeppelin/contracts": "~5.7.0"
      },
      "devDependencies": {
        "forge-std": "github:foundry-rs/forge-std#v1.17.0"
      }
    },
    "node_modules/@openzeppelin/contracts": {
      "version": "5.7.0",
      "resolved": "https://registry.npmjs.org/@openzeppelin/contracts/-/contracts-5.7.0.tgz",
      "integrity": "sha512-IL2AZpI+7THMzt1u6Cxmc1zLwVnudtUGvrqXQ/HnbLKfQ/8dIWMMQPDwPIjRQzNrlAo4cxZaCGRB/XvwPo9ILA==",
      "license": "MIT"
    },
    "node_modules/forge-std": {
      "version": "1.17.0",
      "resolved": "git+ssh://git@github.com/foundry-rs/forge-std.git#f3dae6e6ee381f25eb6a246f7da9b85c91a68219",
      "integrity": "sha512-ZTFzQyhOXJoISxV5GZaLdME+KSVLR427CrexdcV8WbWHu9mDKYDsomDnH5HfZoAW0cWhygv4/xOpzItSc21cCQ==",
      "dev": true,
      "license": "(Apache-2.0 OR MIT)"
    }
  }
}
