{
  "name": "silken-net-contracts",
  "version": "1.0.0",
  "lockfileVersion": 3,
  "requires": true,
  "packages": {
    "": {
      "name": "silken-net-contracts",
      "version": "1.0.0",
      "license": "AGPL-3.0-or-later",
      "dependencies": {
        "@openzeppelin/contracts": "~5.7.0"
      },
      "devDependencies": {
        "forge-std": "github:foundry-rs/forge-std#v1.16.2"
      }
    },
    "node_modules/@openzeppelin/contracts": {
      "version": "5.7.0",
      "resolved": "https://registry.npmjs.org/@openzeppelin/contracts/-/contracts-5.7.0.tgz",
      "integrity": "sha512-IL2AZpI+7THMzt1u6Cxmc1zLwVnudtUGvrqXQ/HnbLKfQ/8dIWMMQPDwPIjRQzNrlAo4cxZaCGRB/XvwPo9ILA==",
      "license": "MIT"
    },
    "node_modules/forge-std": {
      "version": "1.16.2",
      "resolved": "git+ssh://git@github.com/foundry-rs/forge-std.git#bf647bd6046f2f7da30d0c2bf435e5c76a780c1b",
      "integrity": "sha512-hgM3ORZp3SxoWleqk+DzLEfT3pMiFPFTV3J5FTfyQKatHkwbm064GkjhQSWf6UJKC6dMjXUPEFGLQQDu4Ahzmw==",
      "dev": true,
      "license": "(Apache-2.0 OR MIT)"
    }
  }
}
